# This file is generated by running "yarn install" inside your project.
# Manual changes might be lost - proceed with caution!

__metadata:
  version: 8
  cacheKey: 10c0

"argparse@npm:^1.0.7":
  version: 1.0.10
  resolution: "argparse@npm:1.0.10"
  dependencies:
    sprintf-js: "npm:~1.0.2"
  checksum: 10c0/b2972c5c23c63df66bca144dbc65d180efa74f25f8fd9b7d9a0a6c88ae839db32df3d54770dcb6460cf840d232b60695d1a6b1053f599d84e73f7437087712de
  languageName: node
  linkType: hard

"camelize@npm:^1.0.0":
  version: 1.0.1
  resolution: "camelize@npm:1.0.1"
  checksum: 10c0/4c9ac55efd356d37ac483bad3093758236ab686192751d1c9daa43188cc5a07b09bd431eb7458a4efd9ca22424bba23253e7b353feb35d7c749ba040de2385fb
  languageName: node
  linkType: hard

"commander@npm:^8.3.0":
  version: 8.3.0
  resolution: "commander@npm:8.3.0"
  checksum: 10c0/8b043bb8322ea1c39664a1598a95e0495bfe4ca2fad0d84a92d7d1d8d213e2a155b441d2470c8e08de7c4a28cf2bc6e169211c49e1b21d9f7edc6ae4d9356060
  languageName: node
  linkType: hard

"css-color-keywords@npm:^1.0.0":
  version: 1.0.0
  resolution: "css-color-keywords@npm:1.0.0"
  checksum: 10c0/af205a86c68e0051846ed91eb3e30b4517e1904aac040013ff1d742019b3f9369ba5658ba40901dbbc121186fc4bf0e75a814321cc3e3182fbb2feb81c6d9cb7
  languageName: node
  linkType: hard

"css-to-react-native@npm:^3.0.0":
  version: 3.2.0
  resolution: "css-to-react-native@npm:3.2.0"
  dependencies:
    camelize: "npm:^1.0.0"
    css-color-keywords: "npm:^1.0.0"
    postcss-value-parser: "npm:^4.0.2"
  checksum: 10c0/fde850a511d5d3d7c55a1e9b8ed26b69a8ad4868b3487e36ebfbfc0b96fc34bc977d9cd1d61a289d0c74d3f9a662d8cee297da53d4433bf2e27d6acdff8e1003
  languageName: node
  linkType: hard

"entities@npm:~2.0.0":
  version: 2.0.3
  resolution: "entities@npm:2.0.3"
  checksum: 10c0/81463fde5f1e4432df6faa65afa00021f3979ac8387f81d3d111beeb08179e626130a4b7488e8c3cc3d74e0d04e99d3033ff7db80e05f4a1e961b5e1efe17731
  languageName: node
  linkType: hard

"js-tokens@npm:^3.0.0 || ^4.0.0":
  version: 4.0.0
  resolution: "js-tokens@npm:4.0.0"
  checksum: 10c0/e248708d377aa058eacf2037b07ded847790e6de892bbad3dac0abba2e759cb9f121b00099a65195616badcb6eca8d14d975cb3e89eb1cfda644756402c8aeed
  languageName: node
  linkType: hard

"katex@npm:^0.16.0":
  version: 0.16.44
  resolution: "katex@npm:0.16.44"
  dependencies:
    commander: "npm:^8.3.0"
  bin:
    katex: cli.js
  checksum: 10c0/f4466978dee30ba221457d864296225c9bec2efe0925a37b692e7736d67f05ebd99885bf0910f099cb34db9cce27df17910f89029bcfdcb78ea73524f9c33e11
  languageName: node
  linkType: hard

"linkify-it@npm:^2.0.0":
  version: 2.2.0
  resolution: "linkify-it@npm:2.2.0"
  dependencies:
    uc.micro: "npm:^1.0.1"
  checksum: 10c0/640f926fa71d46f9451b4dc999c94b2dcad920abf5fe174a85f120b420cbb34b8f950e251846ed73db715ec9aaadadf1f2482d27088dddd21b1c84761f6a0b5a
  languageName: node
  linkType: hard

"loose-envify@npm:^1.4.0":
  version: 1.4.0
  resolution: "loose-envify@npm:1.4.0"
  dependencies:
    js-tokens: "npm:^3.0.0 || ^4.0.0"
  bin:
    loose-envify: cli.js
  checksum: 10c0/655d110220983c1a4b9c0c679a2e8016d4b67f6e9c7b5435ff5979ecdb20d0813f4dec0a08674fcbdd4846a3f07edbb50a36811fd37930b94aaa0d9daceb017e
  languageName: node
  linkType: hard

"markdown-it@npm:^10.0.0":
  version: 10.0.0
  resolution: "markdown-it@npm:10.0.0"
  dependencies:
    argparse: "npm:^1.0.7"
    entities: "npm:~2.0.0"
    linkify-it: "npm:^2.0.0"
    mdurl: "npm:^1.0.1"
    uc.micro: "npm:^1.0.5"
  bin:
    markdown-it: bin/markdown-it.js
  checksum: 10c0/7b2876599adb4c8bed0b45030db835d6e3e352e20b1c26624975d1b0f6d9ef54bbf6b63d29cb31b0cebb65b5ad7300aad063dc5d586a03c3745345bfc945c8fd
  languageName: node
  linkType: hard

"mdurl@npm:^1.0.1":
  version: 1.0.1
  resolution: "mdurl@npm:1.0.1"
  checksum: 10c0/ea8534341eb002aaa532a722daef6074cd8ca66202e10a2b4cda46722c1ebdb1da92197ac300bc953d3ef1bf41cd6561ef2cc69d82d5d0237dae00d4a61a4eee
  languageName: node
  linkType: hard

"object-assign@npm:^4.1.1":
  version: 4.1.1
  resolution: "object-assign@npm:4.1.1"
  checksum: 10c0/1f4df9945120325d041ccf7b86f31e8bcc14e73d29171e37a7903050e96b81323784ec59f93f102ec635bcf6fa8034ba3ea0a8c7e69fa202b87ae3b6cec5a414
  languageName: node
  linkType: hard

"postcss-value-parser@npm:^4.0.2":
  version: 4.2.0
  resolution: "postcss-value-parser@npm:4.2.0"
  checksum: 10c0/f4142a4f56565f77c1831168e04e3effd9ffcc5aebaf0f538eee4b2d465adfd4b85a44257bb48418202a63806a7da7fe9f56c330aebb3cac898e46b4cbf49161
  languageName: node
  linkType: hard

"prop-types@npm:^15.5.10, prop-types@npm:^15.7.2, prop-types@npm:^15.8.1":
  version: 15.8.1
  resolution: "prop-types@npm:15.8.1"
  dependencies:
    loose-envify: "npm:^1.4.0"
    object-assign: "npm:^4.1.1"
    react-is: "npm:^16.13.1"
  checksum: 10c0/59ece7ca2fb9838031d73a48d4becb9a7cc1ed10e610517c7d8f19a1e02fa47f7c27d557d8a5702bec3cfeccddc853579832b43f449e54635803f277b1c78077
  languageName: node
  linkType: hard

"quizrope@workspace:.":
  version: 0.0.0-use.local
  resolution: "quizrope@workspace:."
  dependencies:
    react-katex: "npm:^3.1.0"
    react-native-enriched-markdown: "npm:^0.4.1"
    react-native-markdown-display: "npm:^7.0.2"
    react-native-maths: "npm:^0.1.26"
    react-native-modal: "npm:^14.0.0-rc.1"
  languageName: unknown
  linkType: soft

"react-is@npm:^16.13.1":
  version: 16.13.1
  resolution: "react-is@npm:16.13.1"
  checksum: 10c0/33977da7a5f1a287936a0c85639fec6ca74f4f15ef1e59a6bc20338fc73dc69555381e211f7a3529b8150a1f71e4225525b41b60b52965bda53ce7d47377ada1
  languageName: node
  linkType: hard

"react-katex@npm:^3.1.0":
  version: 3.1.0
  resolution: "react-katex@npm:3.1.0"
  dependencies:
    katex: "npm:^0.16.0"
  peerDependencies:
    prop-types: ^15.8.1
    react: ">=15.3.2 <20"
  checksum: 10c0/a61eb2c19a2dc384ad5864a27af66f40c504643f984150f4e270373df88293c2586779b53b2ee7ee4e75076f3c5284b36f425bbc1021d164ccb2997d11d8678f
  languageName: node
  linkType: hard

"react-native-animatable@npm:1.4.0":
  version: 1.4.0
  resolution: "react-native-animatable@npm:1.4.0"
  dependencies:
    prop-types: "npm:^15.8.1"
  checksum: 10c0/658f15aa3744c3d6a22a44ab4609afc4335ff06d0a200a1fba513e470ebb4bd561ab709204b3777ee53cad526f695e2b4290e057a50fcd461aca337e407fe2b1
  languageName: node
  linkType: hard

"react-native-enriched-markdown@npm:^0.4.1":
  version: 0.4.1
  resolution: "react-native-enriched-markdown@npm:0.4.1"
  peerDependencies:
    "@expo/config-plugins": ">=50.0.0"
    react: "*"
    react-native: "*"
  peerDependenciesMeta:
    "@expo/config-plugins":
      optional: true
  checksum: 10c0/90b335b2c1cc543f719e7f8e3225f5c2f766ef631ce5f1f6139d9b17606fa0765b9dac196a8d005fd015569e9bad44ba6a028132ef95fb5dc99d2358b6cd0b4b
  languageName: node
  linkType: hard

"react-native-fit-image@npm:^1.5.5":
  version: 1.5.5
  resolution: "react-native-fit-image@npm:1.5.5"
  dependencies:
    prop-types: "npm:^15.5.10"
  checksum: 10c0/04d1cb35f2acacda593c80f2d9845f7dc0ed5e0e1fb62043ba5351f914162dcd92f1ae98e80ebf9752f6b4131b1634f6a9ac90e9c649f30b5591f3187d99811f
  languageName: node
  linkType: hard

"react-native-markdown-display@npm:^7.0.2":
  version: 7.0.2
  resolution: "react-native-markdown-display@npm:7.0.2"
  dependencies:
    css-to-react-native: "npm:^3.0.0"
    markdown-it: "npm:^10.0.0"
    prop-types: "npm:^15.7.2"
    react-native-fit-image: "npm:^1.5.5"
  peerDependencies:
    react: ">=16.2.0"
    react-native: ">=0.50.4"
  checksum: 10c0/b90b75401340cd79c42e07e6e8961551e8b98acfbc53bc0b651174aea2a86b92430be767da7c813e54b08e7bbd8af6c09dbeb4f9369d925984979cc28b6ba8fb
  languageName: node
  linkType: hard

"react-native-maths@npm:^0.1.26":
  version: 0.1.26
  resolution: "react-native-maths@npm:0.1.26"
  peerDependencies:
    react: "*"
    react-native: "*"
  checksum: 10c0/ba816cef5916ad5c71772f91539532df058ae7fa14ce8eceb63a6433e5958e228e7d2ffede2480d90b4cfbb0b586f35f1b0560a213ef1c8174e00e57a06a895d
  languageName: node
  linkType: hard

"react-native-modal@npm:^14.0.0-rc.1":
  version: 14.0.0-rc.1
  resolution: "react-native-modal@npm:14.0.0-rc.1"
  dependencies:
    react-native-animatable: "npm:1.4.0"
  peerDependencies:
    react: "*"
    react-native: ">=0.70.0"
  checksum: 10c0/f392008da6456d73819536f2628d4fb536a0634131c957a62ac0b68f65391a0e1473fa297c9873dd5a5c8de32c380464bb48cbfaafe9cfff0abfda6db3486154
  languageName: node
  linkType: hard

"sprintf-js@npm:~1.0.2":
  version: 1.0.3
  resolution: "sprintf-js@npm:1.0.3"
  checksum: 10c0/ecadcfe4c771890140da5023d43e190b7566d9cf8b2d238600f31bec0fc653f328da4450eb04bd59a431771a8e9cc0e118f0aa3974b683a4981b4e07abc2a5bb
  languageName: node
  linkType: hard

"uc.micro@npm:^1.0.1, uc.micro@npm:^1.0.5":
  version: 1.0.6
  resolution: "uc.micro@npm:1.0.6"
  checksum: 10c0/9bde2afc6f2e24b899db6caea47dae778b88862ca76688d844ef6e6121dec0679c152893a74a6cfbd2e6fde34654e6bd8424fee8e0166cdfa6c9ae5d42b8a17b
  languageName: node
  linkType: hard
